// !$*UTF8*$!
{
	archiveVersion = 1;
	classes = {
	};
	objectVersion = 55;
	objects = {

/* Begin PBXBuildFile section */
		09444C672AD5A0EC00F2065B /* FastingManager.swift in Sources */ = {isa = PBXBuildFile; fileRef = 09444C662AD5A0EC00F2065B /* FastingManager.swift */; };
		09D595CF2AC9E30100FD05AB /* FastingTimerApp.swift in Sources */ = {isa = PBXBuildFile; fileRef = 09D595CE2AC9E30100FD05AB /* FastingTimerApp.swift */; };
		09D595D12AC9E30100FD05AB /* ContentView.swift in Sources */ = {isa = PBXBuildFile; fileRef = 09D595D02AC9E30100FD05AB /* ContentView.swift */; };
		09D595D32AC9E30400FD05AB /* Assets.xcassets in Resources */ = {isa = PBXBuildFile; fileRef = 09D595D22AC9E30400FD05AB /* Assets.xcassets */; };
		09D595D62AC9E30400FD05AB /* Preview Assets.xcassets in Resources */ = {isa = PBXBuildFile; fileRef = 09D595D52AC9E30400FD05AB /* Preview Assets.xcassets */; };
		09D595E02AC9E30500FD05AB /* FastingTimerTests.swift in Sources */ = {isa = PBXBuildFile; fileRef = 09D595DF2AC9E30500FD05AB /* FastingTimerTests.swift */; };
		09D595EA2AC9E30500FD05AB /* FastingTimerUITests.swift in Sources */ = {isa = PBXBuildFile; fileRef = 09D595E92AC9E30500FD05AB /* FastingTimerUITests.swift */; };
		09D595EC2AC9E30500FD05AB /* FastingTimerUITestsLaunchTests.swift in Sources */ = {isa = PBXBuildFile; fileRef = 09D595EB2AC9E30500FD05AB /* FastingTimerUITestsLaunchTests.swift */; };
		09D595FF2AC9E5B200FD05AB /* ProgressRing.swift in Sources */ = {isa = PBXBuildFile; fileRef = 09D595FE2AC9E5B200FD05AB /* ProgressRing.swift */; };
/* End PBXBuildFile section */

/* Begin PBXContainerItemProxy section */
		09D595DC2AC9E30500FD05AB /* PBXContainerItemProxy */ = {
			isa = PBXContainerItemProxy;
			containerPortal = 09D595C32AC9E30100FD05AB /* Project object */;
			proxyType = 1;
			remoteGlobalIDString = 09D595CA2AC9E30100FD05AB;
			remoteInfo = FastingTimer;
		};
		09D595E62AC9E30500FD05AB /* PBXContainerItemProxy */ = {
			isa = PBXContainerItemProxy;
			containerPortal = 09D595C32AC9E30100FD05AB /* Project object */;
			proxyType = 1;
			remoteGlobalIDString = 09D595CA2AC9E30100FD05AB;
			remoteInfo = FastingTimer;
		};
/* End PBXContainerItemProxy section */

/* Begin PBXFileReference section */
		09444C662AD5A0EC00F2065B /* FastingManager.swift */ = {isa = PBXFileReference; lastKnownFileType = sourcecode.swift; path = FastingManager.swift; sourceTree = "<group>"; };
		09D595CB2AC9E30100FD05AB /* FastingTimer.app */ = {isa = PBXFileReference; explicitFileType = wrapper.application; includeInIndex = 0; path = FastingTimer.app; sourceTree = BUILT_PRODUCTS_DIR; };
		09D595CE2AC9E30100FD05AB /* FastingTimerApp.swift */ = {isa = PBXFileReference; lastKnownFileType = sourcecode.swift; path = FastingTimerApp.swift; sourceTree = "<group>"; };
		09D595D02AC9E30100FD05AB /* ContentView.swift */ = {isa = PBXFileReference; lastKnownFileType = sourcecode.swift; path = ContentView.swift; sourceTree = "<group>"; };
		09D595D22AC9E30400FD05AB /* Assets.xcassets */ = {isa = PBXFileReference; lastKnownFileType = folder.assetcatalog; path = Assets.xcassets; sourceTree = "<group>"; };
		09D595D52AC9E30400FD05AB /* Preview Assets.xcassets */ = {isa = PBXFileReference; lastKnownFileType = folder.assetcatalog; path = "Preview Assets.xcassets"; sourceTree = "<group>"; };
		09D595DB2AC9E30500FD05AB /* FastingTimerTests.xctest */ = {isa = PBXFileReference; explicitFileType = wrapper.cfbundle; includeInIndex = 0; path = FastingTimerTests.xctest; sourceTree = BUILT_PRODUCTS_DIR; };
		09D595DF2AC9E30500FD05AB /* FastingTimerTests.swift */ = {isa = PBXFileReference; lastKnownFileType = sourcecode.swift; path = FastingTimerTests.swift; sourceTree = "<group>"; };
		09D595E52AC9E30500FD05AB /* FastingTimerUITests.xctest */ = {isa = PBXFileReference; explicitFileType = wrapper.cfbundle; includeInIndex = 0; path = FastingTimerUITests.xctest; sourceTree = BUILT_PRODUCTS_DIR; };
		09D595E92AC9E30500FD05AB /* FastingTimerUITests.swift */ = {isa = PBXFileReference; lastKnownFileType = sourcecode.swift; path = FastingTimerUITests.swift; sourceTree = "<group>"; };
		09D595EB2AC9E30500FD05AB /* FastingTimerUITestsLaunchTests.swift */ = {isa = PBXFileReference; lastKnownFileType = sourcecode.swift; path = FastingTimerUITestsLaunchTests.swift; sourceTree = "<group>"; };
		09D595FE2AC9E5B200FD05AB /* ProgressRing.swift */ = {isa = PBXFileReference; lastKnownFileType = sourcecode.swift; path = ProgressRing.swift; sourceTree = "<group>"; };
/* End PBXFileReference section */

/* Begin PBXFrameworksBuildPhase section */
		09D595C82AC9E30100FD05AB /* Frameworks */ = {
			isa = PBXFrameworksBuildPhase;
			buildActionMask = 2147483647;
			files = (
			);
			runOnlyForDeploymentPostprocessing = 0;
		};
		09D595D82AC9E30500FD05AB /* Frameworks */ = {
			isa = PBXFrameworksBuildPhase;
			buildActionMask = 2147483647;
			files = (
			);
			runOnlyForDeploymentPostprocessing = 0;
		};
		09D595E22AC9E30500FD05AB /* Frameworks */ = {
			isa = PBXFrameworksBuildPhase;
			buildActionMask = 2147483647;
			files = (
			);
			runOnlyForDeploymentPostprocessing = 0;
		};
/* End PBXFrameworksBuildPhase section */

/* Begin PBXGroup section */
		09D595C22AC9E30100FD05AB = {
			isa = PBXGroup;
			children = (
				09D595CD2AC9E30100FD05AB /* FastingTimer */,
				09D595DE2AC9E30500FD05AB /* FastingTimerTests */,
				09D595E82AC9E30500FD05AB /* FastingTimerUITests */,
				09D595CC2AC9E30100FD05AB /* Products */,
			);
			sourceTree = "<group>";
		};
		09D595CC2AC9E30100FD05AB /* Products */ = {
			isa = PBXGroup;
			children = (
				09D595CB2AC9E30100FD05AB /* FastingTimer.app */,
				09D595DB2AC9E30500FD05AB /* FastingTimerTests.xctest */,
				09D595E52AC9E30500FD05AB /* FastingTimerUITests.xctest */,
			);
			name = Products;
			sourceTree = "<group>";
		};
		09D595CD2AC9E30100FD05AB /* FastingTimer */ = {
			isa = PBXGroup;
			children = (
				09D595CE2AC9E30100FD05AB /* FastingTimerApp.swift */,
				09D595D02AC9E30100FD05AB /* ContentView.swift */,
				09D595FE2AC9E5B200FD05AB /* ProgressRing.swift */,
				09444C662AD5A0EC00F2065B /* FastingManager.swift */,
				09D595D22AC9E30400FD05AB /* Assets.xcassets */,
				09D595D42AC9E30400FD05AB /* Preview Content */,
			);
			path = FastingTimer;
			sourceTree = "<group>";
		};
		09D595D42AC9E30400FD05AB /* Preview Content */ = {
			isa = PBXGroup;
			children = (
				09D595D52AC9E30400FD05AB /* Preview Assets.xcassets */,
			);
			path = "Preview Content";
			sourceTree = "<group>";
		};
		09D595DE2AC9E30500FD05AB /* FastingTimerTests */ = {
			isa = PBXGroup;
			children = (
				09D595DF2AC9E30500FD05AB /* FastingTimerTests.swift */,
			);
			path = FastingTimerTests;
			sourceTree = "<group>";
		};
		09D595E82AC9E30500FD05AB /* FastingTimerUITests */ = {
			isa = PBXGroup;
			children = (
				09D595E92AC9E30500FD05AB /* FastingTimerUITests.swift */,
				09D595EB2AC9E30500FD05AB /* FastingTimerUITestsLaunchTests.swift */,
			);
			path = FastingTimerUITests;
			sourceTree = "<group>";
		};
/* End PBXGroup section */

/* Begin PBXNativeTarget section */
		09D595CA2AC9E30100FD05AB /* FastingTimer */ = {
			isa = PBXNativeTarget;
			buildConfigurationList = 09D595EF2AC9E30500FD05AB /* Build configuration list for PBXNativeTarget "FastingTimer" */;
			buildPhases = (
				09D595C72AC9E30100FD05AB /* Sources */,
				09D595C82AC9E30100FD05AB /* Frameworks */,
				09D595C92AC9E30100FD05AB /* Resources */,
			);
			buildRules = (
			);
			dependencies = (
			);
			name = FastingTimer;
			productName = FastingTimer;
			productReference = 09D595CB2AC9E30100FD05AB /* FastingTimer.app */;
			productType = "com.apple.product-type.application";
		};
		09D595DA2AC9E30500FD05AB /* FastingTimerTests */ = {
			isa = PBXNativeTarget;
			buildConfigurationList = 09D595F22AC9E30500FD05AB /* Build configuration list for PBXNativeTarget "FastingTimerTests" */;
			buildPhases = (
				09D595D72AC9E30500FD05AB /* Sources */,
				09D595D82AC9E30500FD05AB /* Frameworks */,
				09D595D92AC9E30500FD05AB /* Resources */,
			);
			buildRules = (
			);
			dependencies = (
				09D595DD2AC9E30500FD05AB /* PBXTargetDependency */,
			);
			name = FastingTimerTests;
			productName = FastingTimerTests;
			productReference = 09D595DB2AC9E30500FD05AB /* FastingTimerTests.xctest */;
			productType = "com.apple.product-type.bundle.unit-test";
		};
		09D595E42AC9E30500FD05AB /* FastingTimerUITests */ = {
			isa = PBXNativeTarget;
			buildConfigurationList = 09D595F52AC9E30500FD05AB /* Build configuration list for PBXNativeTarget "FastingTimerUITests" */;
			buildPhases = (
				09D595E12AC9E30500FD05AB /* Sources */,
				09D595E22AC9E30500FD05AB /* Frameworks */,
				09D595E32AC9E30500FD05AB /* Resources */,
			);
			buildRules = (
			);
			dependencies = (
				09D595E72AC9E30500FD05AB /* PBXTargetDependency */,
			);
			name = FastingTimerUITests;
			productName = FastingTimerUITests;
			productReference = 09D595E52AC9E30500FD05AB /* FastingTimerUITests.xctest */;
			productType = "com.apple.product-type.bundle.ui-testing";
		};
/* End PBXNativeTarget section */

/* Begin PBXProject section */
		09D595C32AC9E30100FD05AB /* Project object */ = {
			isa = PBXProject;
			attributes = {
				BuildIndependentTargetsInParallel = 1;
				LastSwiftUpdateCheck = 1320;
				LastUpgradeCheck = 1320;
				TargetAttributes = {
					09D595CA2AC9E30100FD05AB = {
						CreatedOnToolsVersion = 13.2.1;
					};
					09D595DA2AC9E30500FD05AB = {
						CreatedOnToolsVersion = 13.2.1;
						TestTargetID = 09D595CA2AC9E30100FD05AB;
					};
					09D595E42AC9E30500FD05AB = {
						CreatedOnToolsVersion = 13.2.1;
						TestTargetID = 09D595CA2AC9E30100FD05AB;
					};
				};
			};
			buildConfigurationList = 09D595C62AC9E30100FD05AB /* Build configuration list for PBXProject "FastingTimer" */;
			compatibilityVersion = "Xcode 13.0";
			developmentRegion = en;
			hasScannedForEncodings = 0;
			knownRegions = (
				en,
				Base,
			);
			mainGroup = 09D595C22AC9E30100FD05AB;
			productRefGroup = 09D595CC2AC9E30100FD05AB /* Products */;
			projectDirPath = "";
			projectRoot = "";
			targets = (
				09D595CA2AC9E30100FD05AB /* FastingTimer */,
				09D595DA2AC9E30500FD05AB /* FastingTimerTests */,
				09D595E42AC9E30500FD05AB /* FastingTimerUITests */,
			);
		};
/* End PBXProject section */

/* Begin PBXResourcesBuildPhase section */
		09D595C92AC9E30100FD05AB /* Resources */ = {
			isa = PBXResourcesBuildPhase;
			buildActionMask = 2147483647;
			files = (
				09D595D62AC9E30400FD05AB /* Preview Assets.xcassets in Resources */,
				09D595D32AC9E30400FD05AB /* Assets.xcassets in Resources */,
			);
			runOnlyForDeploymentPostprocessing = 0;
		};
		09D595D92AC9E30500FD05AB /* Resources */ = {
			isa = PBXResourcesBuildPhase;
			buildActionMask = 2147483647;
			files = (
			);
			runOnlyForDeploymentPostprocessing = 0;
		};
		09D595E32AC9E30500FD05AB /* Resources */ = {
			isa = PBXResourcesBuildPhase;
			buildActionMask = 2147483647;
			files = (
			);
			runOnlyForDeploymentPostprocessing = 0;
		};
/* End PBXResourcesBuildPhase section */

/* Begin PBXSourcesBuildPhase section */
		09D595C72AC9E30100FD05AB /* Sources */ = {
			isa = PBXSourcesBuildPhase;
			buildActionMask = 2147483647;
			files = (
				09D595D12AC9E30100FD05AB /* ContentView.swift in Sources */,
				09D595CF2AC9E30100FD05AB /* FastingTimerApp.swift in Sources */,
				09444C672AD5A0EC00F2065B /* FastingManager.swift in Sources */,
				09D595FF2AC9E5B200FD05AB /* ProgressRing.swift in Sources */,
			);
			runOnlyForDeploymentPostprocessing = 0;
		};
		09D595D72AC9E30500FD05AB /* Sources */ = {
			isa = PBXSourcesBuildPhase;
			buildActionMask = 2147483647;
			files = (
				09D595E02AC9E30500FD05AB /* FastingTimerTests.swift in Sources */,
			);
			runOnlyForDeploymentPostprocessing = 0;
		};
		09D595E12AC9E30500FD05AB /* Sources */ = {
			isa = PBXSourcesBuildPhase;
			buildActionMask = 2147483647;
			files = (
				09D595EA2AC9E30500FD05AB /* FastingTimerUITests.swift in Sources */,
				09D595EC2AC9E30500FD05AB /* FastingTimerUITestsLaunchTests.swift in Sources */,
			);
			runOnlyForDeploymentPostprocessing = 0;
		};
/* End PBXSourcesBuildPhase section */

/* Begin PBXTargetDependency section */
		09D595DD2AC9E30500FD05AB /* PBXTargetDependency */ = {
			isa = PBXTargetDependency;
			target = 09D595CA2AC9E30100FD05AB /* FastingTimer */;
			targetProxy = 09D595DC2AC9E30500FD05AB /* PBXContainerItemProxy */;
		};
		09D595E72AC9E30500FD05AB /* PBXTargetDependency */ = {
			isa = PBXTargetDependency;
			target = 09D595CA2AC9E30100FD05AB /* FastingTimer */;
			targetProxy = 09D595E62AC9E30500FD05AB /* PBXContainerItemProxy */;
		};
/* End PBXTargetDependency section */

/* Begin XCBuildConfiguration section */
		09D595ED2AC9E30500FD05AB /* Debug */ = {
			isa = XCBuildConfiguration;
			buildSettings = {
				ALWAYS_SEARCH_USER_PATHS = NO;
				CLANG_ANALYZER_NONNULL = YES;
				CLANG_ANALYZER_NUMBER_OBJECT_CONVERSION = YES_AGGRESSIVE;
				CLANG_CXX_LANGUAGE_STANDARD = "gnu++17";
				CLANG_CXX_LIBRARY = "libc++";
				CLANG_ENABLE_MODULES = YES;
				CLANG_ENABLE_OBJC_ARC = YES;
				CLANG_ENABLE_OBJC_WEAK = YES;
				CLANG_WARN_BLOCK_CAPTURE_AUTORELEASING = YES;
				CLANG_WARN_BOOL_CONVERSION = YES;
				CLANG_WARN_COMMA = YES;
				CLANG_WARN_CONSTANT_CONVERSION = YES;
				CLANG_WARN_DEPRECATED_OBJC_IMPLEMENTATIONS = YES;
				CLANG_WARN_DIRECT_OBJC_ISA_USAGE = YES_ERROR;
				CLANG_WARN_DOCUMENTATION_COMMENTS = YES;
				CLANG_WARN_EMPTY_BODY = YES;
				CLANG_WARN_ENUM_CONVERSION = YES;
				CLANG_WARN_INFINITE_RECURSION = YES;
				CLANG_WARN_INT_CONVERSION = YES;
				CLANG_WARN_NON_LITERAL_NULL_CONVERSION = YES;
				CLANG_WARN_OBJC_IMPLICIT_RETAIN_SELF = YES;
				CLANG_WARN_OBJC_LITERAL_CONVERSION = YES;
				CLANG_WARN_OBJC_ROOT_CLASS = YES_ERROR;
				CLANG_WARN_QUOTED_INCLUDE_IN_FRAMEWORK_HEADER = YES;
				CLANG_WARN_RANGE_LOOP_ANALYSIS = YES;
				CLANG_WARN_STRICT_PROTOTYPES = YES;
				CLANG_WARN_SUSPICIOUS_MOVE = YES;
				CLANG_WARN_UNGUARDED_AVAILABILITY = YES_AGGRESSIVE;
				CLANG_WARN_UNREACHABLE_CODE = YES;
				CLANG_WARN__DUPLICATE_METHOD_MATCH = YES;
				COPY_PHASE_STRIP = NO;
				DEBUG_INFORMATION_FORMAT = dwarf;
				ENABLE_STRICT_OBJC_MSGSEND = YES;
				ENABLE_TESTABILITY = YES;
				GCC_C_LANGUAGE_STANDARD = gnu11;
				GCC_DYNAMIC_NO_PIC = NO;
				GCC_NO_COMMON_BLOCKS = YES;
				GCC_OPTIMIZATION_LEVEL = 0;
				GCC_PREPROCESSOR_DEFINITIONS = (
					"DEBUG=1",
					"$(inherited)",
				);
				GCC_WARN_64_TO_32_BIT_CONVERSION = YES;
				GCC_WARN_ABOUT_RETURN_TYPE = YES_ERROR;
				GCC_WARN_UNDECLARED_SELECTOR = YES;
				GCC_WARN_UNINITIALIZED_AUTOS = YES_AGGRESSIVE;
				GCC_WARN_UNUSED_FUNCTION = YES;
				GCC_WARN_UNUSED_VARIABLE = YES;
				IPHONEOS_DEPLOYMENT_TARGET = 15.2;
				MTL_ENABLE_DEBUG_INFO = INCLUDE_SOURCE;
				MTL_FAST_MATH = YES;
				ONLY_ACTIVE_ARCH = YES;
				SDKROOT = iphoneos;
				SWIFT_ACTIVE_COMPILATION_CONDITIONS = DEBUG;
				SWIFT_OPTIMIZATION_LEVEL = "-Onone";
			};
			name = Debug;
		};
		09D595EE2AC9E30500FD05AB /* Release */ = {
			isa = XCBuildConfiguration;
			buildSettings = {
				ALWAYS_SEARCH_USER_PATHS = NO;
				CLANG_ANALYZER_NONNULL = YES;
				CLANG_ANALYZER_NUMBER_OBJECT_CONVERSION = YES_AGGRESSIVE;
				CLANG_CXX_LANGUAGE_STANDARD = "gnu++17";
				CLANG_CXX_LIBRARY = "libc++";
				CLANG_ENABLE_MODULES = YES;
				CLANG_ENABLE_OBJC_ARC = YES;
				CLANG_ENABLE_OBJC_WEAK = YES;
				CLANG_WARN_BLOCK_CAPTURE_AUTORELEASING = YES;
				CLANG_WARN_BOOL_CONVERSION = YES;
				CLANG_WARN_COMMA = YES;
				CLANG_WARN_CONSTANT_CONVERSION = YES;
				CLANG_WARN_DEPRECATED_OBJC_IMPLEMENTATIONS = YES;
				CLANG_WARN_DIRECT_OBJC_ISA_USAGE = YES_ERROR;
				CLANG_WARN_DOCUMENTATION_COMMENTS = YES;
				CLANG_WARN_EMPTY_BODY = YES;
				CLANG_WARN_ENUM_CONVERSION = YES;
				CLANG_WARN_INFINITE_RECURSION = YES;
				CLANG_WARN_INT_CONVERSION = YES;
				CLANG_WARN_NON_LITERAL_NULL_CONVERSION = YES;
				CLANG_WARN_OBJC_IMPLICIT_RETAIN_SELF = YES;
				CLANG_WARN_OBJC_LITERAL_CONVERSION = YES;
				CLANG_WARN_OBJC_ROOT_CLASS = YES_ERROR;
				CLANG_WARN_QUOTED_INCLUDE_IN_FRAMEWORK_HEADER = YES;
				CLANG_WARN_RANGE_LOOP_ANALYSIS = YES;
				CLANG_WARN_STRICT_PROTOTYPES = YES;
				CLANG_WARN_SUSPICIOUS_MOVE = YES;
				CLANG_WARN_UNGUARDED_AVAILABILITY = YES_AGGRESSIVE;
				CLANG_WARN_UNREACHABLE_CODE = YES;
				CLANG_WARN__DUPLICATE_METHOD_MATCH = YES;
				COPY_PHASE_STRIP = NO;
				DEBUG_INFORMATION_FORMAT = "dwarf-with-dsym";
				ENABLE_NS_ASSERTIONS = NO;
				ENABLE_STRICT_OBJC_MSGSEND = YES;
				GCC_C_LANGUAGE_STANDARD = gnu11;
				GCC_NO_COMMON_BLOCKS = YES;
				GCC_WARN_64_TO_32_BIT_CONVERSION = YES;
				GCC_WARN_ABOUT_RETURN_TYPE = YES_ERROR;
				GCC_WARN_UNDECLARED_SELECTOR = YES;
				GCC_WARN_UNINITIALIZED_AUTOS = YES_AGGRESSIVE;
				GCC_WARN_UNUSED_FUNCTION = YES;
				GCC_WARN_UNUSED_VARIABLE = YES;
				IPHONEOS_DEPLOYMENT_TARGET = 15.2;
				MTL_ENABLE_DEBUG_INFO = NO;
				MTL_FAST_MATH = YES;
				SDKROOT = iphoneos;
				SWIFT_COMPILATION_MODE = wholemodule;
				SWIFT_OPTIMIZATION_LEVEL = "-O";
				VALIDATE_PRODUCT = YES;
			};
			name = Release;
		};
		09D595F02AC9E30500FD05AB /* Debug */ = {
			isa = XCBuildConfiguration;
			buildSettings = {
				ASSETCATALOG_COMPILER_APPICON_NAME = AppIcon;
				ASSETCATALOG_COMPILER_GLOBAL_ACCENT_COLOR_NAME = AccentColor;
				CODE_SIGN_STYLE = Automatic;
				CURRENT_PROJECT_VERSION = 1;
				DEVELOPMENT_ASSET_PATHS = "\"FastingTimer/Preview Content\"";
				ENABLE_PREVIEWS = YES;
				GENERATE_INFOPLIST_FILE = YES;
				INFOPLIST_KEY_UIApplicationSceneManifest_Generation = YES;
				INFOPLIST_KEY_UIApplicationSupportsIndirectInputEvents = YES;
				INFOPLIST_KEY_UILaunchScreen_Generation = YES;
				INFOPLIST_KEY_UISupportedInterfaceOrientations_iPad = "UIInterfaceOrientationPortrait UIInterfaceOrientationPortraitUpsideDown UIInterfaceOrientationLandscapeLeft UIInterfaceOrientationLandscapeRight";
				INFOPLIST_KEY_UISupportedInterfaceOrientations_iPhone = "UIInterfaceOrientationPortrait UIInterfaceOrientationLandscapeLeft UIInterfaceOrientationLandscapeRight";
				LD_RUNPATH_SEARCH_PATHS = (
					"$(inherited)",
					"@executable_path/Frameworks",
				);
				MARKETING_VERSION = 1.0;
				PRODUCT_BUNDLE_IDENTIFIER = dithdyt.FastingTimer;
				PRODUCT_NAME = "$(TARGET_NAME)";
				SWIFT_EMIT_LOC_STRINGS = YES;
				SWIFT_VERSION = 5.0;
				TARGETED_DEVICE_FAMILY = "1,2";
			};
			name = Debug;
		};
		09D595F12AC9E30500FD05AB /* Release */ = {
			isa = XCBuildConfiguration;
			buildSettings = {
				ASSETCATALOG_COMPILER_APPICON_NAME = AppIcon;
				ASSETCATALOG_COMPILER_GLOBAL_ACCENT_COLOR_NAME = AccentColor;
				CODE_SIGN_STYLE = Automatic;
				CURRENT_PROJECT_VERSION = 1;
				DEVELOPMENT_ASSET_PATHS = "\"FastingTimer/Preview Content\"";
				ENABLE_PREVIEWS = YES;
				GENERATE_INFOPLIST_FILE = YES;
				INFOPLIST_KEY_UIApplicationSceneManifest_Generation = YES;
				INFOPLIST_KEY_UIApplicationSupportsIndirectInputEvents = YES;
				INFOPLIST_KEY_UILaunchScreen_Generation = YES;
				INFOPLIST_KEY_UISupportedInterfaceOrientations_iPad = "UIInterfaceOrientationPortrait UIInterfaceOrientationPortraitUpsideDown UIInterfaceOrientationLandscapeLeft UIInterfaceOrientationLandscapeRight";
				INFOPLIST_KEY_UISupportedInterfaceOrientations_iPhone = "UIInterfaceOrientationPortrait UIInterfaceOrientationLandscapeLeft UIInterfaceOrientationLandscapeRight";
				LD_RUNPATH_SEARCH_PATHS = (
					"$(inherited)",
					"@executable_path/Frameworks",
				);
				MARKETING_VERSION = 1.0;
				PRODUCT_BUNDLE_IDENTIFIER = dithdyt.FastingTimer;
				PRODUCT_NAME = "$(TARGET_NAME)";
				SWIFT_EMIT_LOC_STRINGS = YES;
				SWIFT_VERSION = 5.0;
				TARGETED_DEVICE_FAMILY = "1,2";
			};
			name = Release;
		};
		09D595F32AC9E30500FD05AB /* Debug */ = {
			isa = XCBuildConfiguration;
			buildSettings = {
				ALWAYS_EMBED_SWIFT_STANDARD_LIBRARIES = YES;
				BUNDLE_LOADER = "$(TEST_HOST)";
				CODE_SIGN_STYLE = Automatic;
				CURRENT_PROJECT_VERSION = 1;
				GENERATE_INFOPLIST_FILE = YES;
				IPHONEOS_DEPLOYMENT_TARGET = 15.2;
				MARKETING_VERSION = 1.0;
				PRODUCT_BUNDLE_IDENTIFIER = dithdyt.FastingTimerTests;
				PRODUCT_NAME = "$(TARGET_NAME)";
				SWIFT_EMIT_LOC_STRINGS = NO;
				SWIFT_VERSION = 5.0;
				TARGETED_DEVICE_FAMILY = "1,2";
				TEST_HOST = "$(BUILT_PRODUCTS_DIR)/FastingTimer.app/FastingTimer";
			};
			name = Debug;
		};
		09D595F42AC9E30500FD05AB /* Release */ = {
			isa = XCBuildConfiguration;
			buildSettings = {
				ALWAYS_EMBED_SWIFT_STANDARD_LIBRARIES = YES;
				BUNDLE_LOADER = "$(TEST_HOST)";
				CODE_SIGN_STYLE = Automatic;
				CURRENT_PROJECT_VERSION = 1;
				GENERATE_INFOPLIST_FILE = YES;
				IPHONEOS_DEPLOYMENT_TARGET = 15.2;
				MARKETING_VERSION = 1.0;
				PRODUCT_BUNDLE_IDENTIFIER = dithdyt.FastingTimerTests;
				PRODUCT_NAME = "$(TARGET_NAME)";
				SWIFT_EMIT_LOC_STRINGS = NO;
				SWIFT_VERSION = 5.0;
				TARGETED_DEVICE_FAMILY = "1,2";
				TEST_HOST = "$(BUILT_PRODUCTS_DIR)/FastingTimer.app/FastingTimer";
			};
			name = Release;
		};
		09D595F62AC9E30500FD05AB /* Debug */ = {
			isa = XCBuildConfiguration;
			buildSettings = {
				ALWAYS_EMBED_SWIFT_STANDARD_LIBRARIES = YES;
				CODE_SIGN_STYLE = Automatic;
				CURRENT_PROJECT_VERSION = 1;
				GENERATE_INFOPLIST_FILE = YES;
				MARKETING_VERSION = 1.0;
				PRODUCT_BUNDLE_IDENTIFIER = dithdyt.FastingTimerUITests;
				PRODUCT_NAME = "$(TARGET_NAME)";
				SWIFT_EMIT_LOC_STRINGS = NO;
				SWIFT_VERSION = 5.0;
				TARGETED_DEVICE_FAMILY = "1,2";
				TEST_TARGET_NAME = FastingTimer;
			};
			name = Debug;
		};
		09D595F72AC9E30500FD05AB /* Release */ = {
			isa = XCBuildConfiguration;
			buildSettings = {
				ALWAYS_EMBED_SWIFT_STANDARD_LIBRARIES = YES;
				CODE_SIGN_STYLE = Automatic;
				CURRENT_PROJECT_VERSION = 1;
				GENERATE_INFOPLIST_FILE = YES;
				MARKETING_VERSION = 1.0;
				PRODUCT_BUNDLE_IDENTIFIER = dithdyt.FastingTimerUITests;
				PRODUCT_NAME = "$(TARGET_NAME)";
				SWIFT_EMIT_LOC_STRINGS = NO;
				SWIFT_VERSION = 5.0;
				TARGETED_DEVICE_FAMILY = "1,2";
				TEST_TARGET_NAME = FastingTimer;
			};
			name = Release;
		};
/* End XCBuildConfiguration section */

/* Begin XCConfigurationList section */
		09D595C62AC9E30100FD05AB /* Build configuration list for PBXProject "FastingTimer" */ = {
			isa = XCConfigurationList;
			buildConfigurations = (
				09D595ED2AC9E30500FD05AB /* Debug */,
				09D595EE2AC9E30500FD05AB /* Release */,
			);
			defaultConfigurationIsVisible = 0;
			defaultConfigurationName = Release;
		};
		09D595EF2AC9E30500FD05AB /* Build configuration list for PBXNativeTarget "FastingTimer" */ = {
			isa = XCConfigurationList;
			buildConfigurations = (
				09D595F02AC9E30500FD05AB /* Debug */,
				09D595F12AC9E30500FD05AB /* Release */,
			);
			defaultConfigurationIsVisible = 0;
			defaultConfigurationName = Release;
		};
		09D595F22AC9E30500FD05AB /* Build configuration list for PBXNativeTarget "FastingTimerTests" */ = {
			isa = XCConfigurationList;
			buildConfigurations = (
				09D595F32AC9E30500FD05AB /* Debug */,
				09D595F42AC9E30500FD05AB /* Release */,
			);
			defaultConfigurationIsVisible = 0;
			defaultConfigurationName = Release;
		};
		09D595F52AC9E30500FD05AB /* Build configuration list for PBXNativeTarget "FastingTimerUITests" */ = {
			isa = XCConfigurationList;
			buildConfigurations = (
				09D595F62AC9E30500FD05AB /* Debug */,
				09D595F72AC9E30500FD05AB /* Release */,
			);
			defaultConfigurationIsVisible = 0;
			defaultConfigurationName = Release;
		};
/* End XCConfigurationList section */
	};
	rootObject = 09D595C32AC9E30100FD05AB /* Project object */;
}
